// !$*UTF8*$!
{
	archiveVersion = 1;
	classes = {
	};
	objectVersion = 56;
	objects = {

/* Begin PBXBuildFile section */
		FA6A980A29815EAE00275E20 /* AppDelegate.swift in Sources */ = {isa = PBXBuildFile; fileRef = FA6A980929815EAE00275E20 /* AppDelegate.swift */; };
		FA6A980C29815EAE00275E20 /* GameScene.sks in Resources */ = {isa = PBXBuildFile; fileRef = FA6A980B29815EAE00275E20 /* GameScene.sks */; };
		FA6A980E29815EAE00275E20 /* Actions.sks in Resources */ = {isa = PBXBuildFile; fileRef = FA6A980D29815EAE00275E20 /* Actions.sks */; };
		FA6A981029815EAE00275E20 /* GameScene.swift in Sources */ = {isa = PBXBuildFile; fileRef = FA6A980F29815EAE00275E20 /* GameScene.swift */; };
		FA6A981229815EAE00275E20 /* GameViewController.swift in Sources */ = {isa = PBXBuildFile; fileRef = FA6A981129815EAE00275E20 /* GameViewController.swift */; };
		FA6A981529815EAE00275E20 /* Main.storyboard in Resources */ = {isa = PBXBuildFile; fileRef = FA6A981329815EAE00275E20 /* Main.storyboard */; };
		FA6A981729815EAF00275E20 /* Assets.xcassets in Resources */ = {isa = PBXBuildFile; fileRef = FA6A981629815EAF00275E20 /* Assets.xcassets */; };
		FA6A981A29815EAF00275E20 /* LaunchScreen.storyboard in Resources */ = {isa = PBXBuildFile; fileRef = FA6A981829815EAF00275E20 /* LaunchScreen.storyboard */; };
		FA6A982429815EB000275E20 /* SpaceShooterTests.swift in Sources */ = {isa = PBXBuildFile; fileRef = FA6A982329815EB000275E20 /* SpaceShooterTests.swift */; };
		FA6A982E29815EB000275E20 /* SpaceShooterUITests.swift in Sources */ = {isa = PBXBuildFile; fileRef = FA6A982D29815EB000275E20 /* SpaceShooterUITests.swift */; };
		FA6A983029815EB000275E20 /* SpaceShooterUITestsLaunchTests.swift in Sources */ = {isa = PBXBuildFile; fileRef = FA6A982F29815EB000275E20 /* SpaceShooterUITestsLaunchTests.swift */; };
		FA6A9859298308F800275E20 /* shuttlefire.sks in Resources */ = {isa = PBXBuildFile; fileRef = FA6A9858298308F800275E20 /* shuttlefire.sks */; };
		FA6A985C29830FB800275E20 /* Shuttle — копия.png in Resources */ = {isa = PBXBuildFile; fileRef = FA6A985B29830FB800275E20 /* Shuttle — копия.png */; };
		FAE2BEDC2983F6080023FB9E /* MainMenu.sks in Resources */ = {isa = PBXBuildFile; fileRef = FAE2BEDB2983F6080023FB9E /* MainMenu.sks */; };
		FAE2BEDE2983F86A0023FB9E /* MainMenu.swift in Sources */ = {isa = PBXBuildFile; fileRef = FAE2BEDD2983F86A0023FB9E /* MainMenu.swift */; };
		FAE2BEEA2985AE350023FB9E /* starfield.sks in Resources */ = {isa = PBXBuildFile; fileRef = FAE2BEE92985AE350023FB9E /* starfield.sks */; };
		FAE2BF31298700C60023FB9E /* Shuttle.png in Resources */ = {isa = PBXBuildFile; fileRef = FAE2BF30298700C50023FB9E /* Shuttle.png */; };
		FAE2BF462987E6920023FB9E /* alien3.png in Resources */ = {isa = PBXBuildFile; fileRef = FAE2BF432987E6920023FB9E /* alien3.png */; };
		FAE2BF472987E6920023FB9E /* alien.png in Resources */ = {isa = PBXBuildFile; fileRef = FAE2BF442987E6920023FB9E /* alien.png */; };
		FAE2BF482987E6920023FB9E /* alien2.png in Resources */ = {isa = PBXBuildFile; fileRef = FAE2BF452987E6920023FB9E /* alien2.png */; };
		FAE2BF4C2987ED730023FB9E /* Assets.xcassets in Resources */ = {isa = PBXBuildFile; fileRef = FAE2BF4A2987ED730023FB9E /* Assets.xcassets */; };
		FAE2BF502987EDA50023FB9E /* Vzriv.sks in Resources */ = {isa = PBXBuildFile; fileRef = FAE2BF4F2987EDA50023FB9E /* Vzriv.sks */; };
		FAE2BF522987EE7C0023FB9E /* torpedo.png in Resources */ = {isa = PBXBuildFile; fileRef = FAE2BF512987EE7C0023FB9E /* torpedo.png */; };
/* End PBXBuildFile section */

/* Begin PBXContainerItemProxy section */
		FA6A982029815EB000275E20 /* PBXContainerItemProxy */ = {
			isa = PBXContainerItemProxy;
			containerPortal = FA6A97FE29815EAE00275E20 /* Project object */;
			proxyType = 1;
			remoteGlobalIDString = FA6A980529815EAE00275E20;
			remoteInfo = SpaceShooter;
		};
		FA6A982A29815EB000275E20 /* PBXContainerItemProxy */ = {
			isa = PBXContainerItemProxy;
			containerPortal = FA6A97FE29815EAE00275E20 /* Project object */;
			proxyType = 1;
			remoteGlobalIDString = FA6A980529815EAE00275E20;
			remoteInfo = SpaceShooter;
		};
/* End PBXContainerItemProxy section */

/* Begin PBXFileReference section */
		FA6A980629815EAE00275E20 /* SpaceShooter.app */ = {isa = PBXFileReference; explicitFileType = wrapper.application; includeInIndex = 0; path = SpaceShooter.app; sourceTree = BUILT_PRODUCTS_DIR; };
		FA6A980929815EAE00275E20 /* AppDelegate.swift */ = {isa = PBXFileReference; lastKnownFileType = sourcecode.swift; path = AppDelegate.swift; sourceTree = "<group>"; };
		FA6A980B29815EAE00275E20 /* GameScene.sks */ = {isa = PBXFileReference; lastKnownFileType = file.sks; path = GameScene.sks; sourceTree = "<group>"; };
		FA6A980D29815EAE00275E20 /* Actions.sks */ = {isa = PBXFileReference; lastKnownFileType = file.sks; path = Actions.sks; sourceTree = "<group>"; };
		FA6A980F29815EAE00275E20 /* GameScene.swift */ = {isa = PBXFileReference; lastKnownFileType = sourcecode.swift; path = GameScene.swift; sourceTree = "<group>"; };
		FA6A981129815EAE00275E20 /* GameViewController.swift */ = {isa = PBXFileReference; lastKnownFileType = sourcecode.swift; path = GameViewController.swift; sourceTree = "<group>"; };
		FA6A981429815EAE00275E20 /* Base */ = {isa = PBXFileReference; lastKnownFileType = file.storyboard; name = Base; path = Base.lproj/Main.storyboard; sourceTree = "<group>"; };
		FA6A981629815EAF00275E20 /* Assets.xcassets */ = {isa = PBXFileReference; lastKnownFileType = folder.assetcatalog; path = Assets.xcassets; sourceTree = "<group>"; };
		FA6A981929815EAF00275E20 /* Base */ = {isa = PBXFileReference; lastKnownFileType = file.storyboard; name = Base; path = Base.lproj/LaunchScreen.storyboard; sourceTree = "<group>"; };
		FA6A981F29815EB000275E20 /* SpaceShooterTests.xctest */ = {isa = PBXFileReference; explicitFileType = wrapper.cfbundle; includeInIndex = 0; path = SpaceShooterTests.xctest; sourceTree = BUILT_PRODUCTS_DIR; };
		FA6A982329815EB000275E20 /* SpaceShooterTests.swift */ = {isa = PBXFileReference; lastKnownFileType = sourcecode.swift; path = SpaceShooterTests.swift; sourceTree = "<group>"; };
		FA6A982929815EB000275E20 /* SpaceShooterUITests.xctest */ = {isa = PBXFileReference; explicitFileType = wrapper.cfbundle; includeInIndex = 0; path = SpaceShooterUITests.xctest; sourceTree = BUILT_PRODUCTS_DIR; };
		FA6A982D29815EB000275E20 /* SpaceShooterUITests.swift */ = {isa = PBXFileReference; lastKnownFileType = sourcecode.swift; path = SpaceShooterUITests.swift; sourceTree = "<group>"; };
		FA6A982F29815EB000275E20 /* SpaceShooterUITestsLaunchTests.swift */ = {isa = PBXFileReference; lastKnownFileType = sourcecode.swift; path = SpaceShooterUITestsLaunchTests.swift; sourceTree = "<group>"; };
		FA6A9858298308F800275E20 /* shuttlefire.sks */ = {isa = PBXFileReference; lastKnownFileType = file.sks; path = shuttlefire.sks; sourceTree = "<group>"; };
		FA6A985B29830FB800275E20 /* Shuttle — копия.png */ = {isa = PBXFileReference; lastKnownFileType = image.png; path = "Shuttle — копия.png"; sourceTree = "<group>"; };
		FAE2BEDB2983F6080023FB9E /* MainMenu.sks */ = {isa = PBXFileReference; lastKnownFileType = file.sks; path = MainMenu.sks; sourceTree = "<group>"; };
		FAE2BEDD2983F86A0023FB9E /* MainMenu.swift */ = {isa = PBXFileReference; lastKnownFileType = sourcecode.swift; path = MainMenu.swift; sourceTree = "<group>"; };
		FAE2BEE92985AE350023FB9E /* starfield.sks */ = {isa = PBXFileReference; lastKnownFileType = file.sks; path = starfield.sks; sourceTree = "<group>"; };
		FAE2BF30298700C50023FB9E /* Shuttle.png */ = {isa = PBXFileReference; lastKnownFileType = image.png; path = Shuttle.png; sourceTree = "<group>"; };
		FAE2BF432987E6920023FB9E /* alien3.png */ = {isa = PBXFileReference; lastKnownFileType = image.png; path = alien3.png; sourceTree = "<group>"; };
		FAE2BF442987E6920023FB9E /* alien.png */ = {isa = PBXFileReference; lastKnownFileType = image.png; path = alien.png; sourceTree = "<group>"; };
		FAE2BF452987E6920023FB9E /* alien2.png */ = {isa = PBXFileReference; lastKnownFileType = image.png; path = alien2.png; sourceTree = "<group>"; };
		FAE2BF4A2987ED730023FB9E /* Assets.xcassets */ = {isa = PBXFileReference; lastKnownFileType = folder.assetcatalog; path = Assets.xcassets; sourceTree = "<group>"; };
		FAE2BF4F2987EDA50023FB9E /* Vzriv.sks */ = {isa = PBXFileReference; lastKnownFileType = file.sks; path = Vzriv.sks; sourceTree = "<group>"; };
		FAE2BF512987EE7C0023FB9E /* torpedo.png */ = {isa = PBXFileReference; lastKnownFileType = image.png; path = torpedo.png; sourceTree = "<group>"; };
/* End PBXFileReference section */

/* Begin PBXFrameworksBuildPhase section */
		FA6A980329815EAE00275E20 /* Frameworks */ = {
			isa = PBXFrameworksBuildPhase;
			buildActionMask = 2147483647;
			files = (
			);
			runOnlyForDeploymentPostprocessing = 0;
		};
		FA6A981C29815EB000275E20 /* Frameworks */ = {
			isa = PBXFrameworksBuildPhase;
			buildActionMask = 2147483647;
			files = (
			);
			runOnlyForDeploymentPostprocessing = 0;
		};
		FA6A982629815EB000275E20 /* Frameworks */ = {
			isa = PBXFrameworksBuildPhase;
			buildActionMask = 2147483647;
			files = (
			);
			runOnlyForDeploymentPostprocessing = 0;
		};
/* End PBXFrameworksBuildPhase section */

/* Begin PBXGroup section */
		FA6A97FD29815EAE00275E20 = {
			isa = PBXGroup;
			children = (
				FA6A980829815EAE00275E20 /* SpaceShooter */,
				FA6A982229815EB000275E20 /* SpaceShooterTests */,
				FA6A982C29815EB000275E20 /* SpaceShooterUITests */,
				FA6A980729815EAE00275E20 /* Products */,
			);
			sourceTree = "<group>";
		};
		FA6A980729815EAE00275E20 /* Products */ = {
			isa = PBXGroup;
			children = (
				FA6A980629815EAE00275E20 /* SpaceShooter.app */,
				FA6A981F29815EB000275E20 /* SpaceShooterTests.xctest */,
				FA6A982929815EB000275E20 /* SpaceShooterUITests.xctest */,
			);
			name = Products;
			sourceTree = "<group>";
		};
		FA6A980829815EAE00275E20 /* SpaceShooter */ = {
			isa = PBXGroup;
			children = (
				FA6A980929815EAE00275E20 /* AppDelegate.swift */,
				FA6A980F29815EAE00275E20 /* GameScene.swift */,
				FAE2BEDD2983F86A0023FB9E /* MainMenu.swift */,
				FA6A981129815EAE00275E20 /* GameViewController.swift */,
				FA6A981829815EAF00275E20 /* LaunchScreen.storyboard */,
				FA6A981329815EAE00275E20 /* Main.storyboard */,
				FA6A981629815EAF00275E20 /* Assets.xcassets */,
				FAE2BF32298704450023FB9E /* Effects */,
				FA6A985A29830DAD00275E20 /* Image */,
			);
			path = SpaceShooter;
			sourceTree = "<group>";
		};
		FA6A982229815EB000275E20 /* SpaceShooterTests */ = {
			isa = PBXGroup;
			children = (
				FA6A982329815EB000275E20 /* SpaceShooterTests.swift */,
			);
			path = SpaceShooterTests;
			sourceTree = "<group>";
		};
		FA6A982C29815EB000275E20 /* SpaceShooterUITests */ = {
			isa = PBXGroup;
			children = (
				FA6A982D29815EB000275E20 /* SpaceShooterUITests.swift */,
				FA6A982F29815EB000275E20 /* SpaceShooterUITestsLaunchTests.swift */,
			);
			path = SpaceShooterUITests;
			sourceTree = "<group>";
		};
		FA6A985A29830DAD00275E20 /* Image */ = {
			isa = PBXGroup;
			children = (
				FAE2BF442987E6920023FB9E /* alien.png */,
				FAE2BF452987E6920023FB9E /* alien2.png */,
				FAE2BF432987E6920023FB9E /* alien3.png */,
				FAE2BF30298700C50023FB9E /* Shuttle.png */,
				FA6A985B29830FB800275E20 /* Shuttle — копия.png */,
				FAE2BF512987EE7C0023FB9E /* torpedo.png */,
			);
			path = Image;
			sourceTree = "<group>";
		};
		FAE2BF32298704450023FB9E /* Effects */ = {
			isa = PBXGroup;
			children = (
				FA6A980B29815EAE00275E20 /* GameScene.sks */,
				FA6A980D29815EAE00275E20 /* Actions.sks */,
				FAE2BF4F2987EDA50023FB9E /* Vzriv.sks */,
				FAE2BF4A2987ED730023FB9E /* Assets.xcassets */,
				FAE2BEDB2983F6080023FB9E /* MainMenu.sks */,
				FAE2BEE92985AE350023FB9E /* starfield.sks */,
				FA6A9858298308F800275E20 /* shuttlefire.sks */,
			);
			path = Effects;
			sourceTree = "<group>";
		};
/* End PBXGroup section */

/* Begin PBXNativeTarget section */
		FA6A980529815EAE00275E20 /* SpaceShooter */ = {
			isa = PBXNativeTarget;
			buildConfigurationList = FA6A983329815EB000275E20 /* Build configuration list for PBXNativeTarget "SpaceShooter" */;
			buildPhases = (
				FA6A980229815EAE00275E20 /* Sources */,
				FA6A980329815EAE00275E20 /* Frameworks */,
				FA6A980429815EAE00275E20 /* Resources */,
			);
			buildRules = (
			);
			dependencies = (
			);
			name = SpaceShooter;
			productName = SpaceShooter;
			productReference = FA6A980629815EAE00275E20 /* SpaceShooter.app */;
			productType = "com.apple.product-type.application";
		};
		FA6A981E29815EB000275E20 /* SpaceShooterTests */ = {
			isa = PBXNativeTarget;
			buildConfigurationList = FA6A983629815EB000275E20 /* Build configuration list for PBXNativeTarget "SpaceShooterTests" */;
			buildPhases = (
				FA6A981B29815EB000275E20 /* Sources */,
				FA6A981C29815EB000275E20 /* Frameworks */,
				FA6A981D29815EB000275E20 /* Resources */,
			);
			buildRules = (
			);
			dependencies = (
				FA6A982129815EB000275E20 /* PBXTargetDependency */,
			);
			name = SpaceShooterTests;
			productName = SpaceShooterTests;
			productReference = FA6A981F29815EB000275E20 /* SpaceShooterTests.xctest */;
			productType = "com.apple.product-type.bundle.unit-test";
		};
		FA6A982829815EB000275E20 /* SpaceShooterUITests */ = {
			isa = PBXNativeTarget;
			buildConfigurationList = FA6A983929815EB000275E20 /* Build configuration list for PBXNativeTarget "SpaceShooterUITests" */;
			buildPhases = (
				FA6A982529815EB000275E20 /* Sources */,
				FA6A982629815EB000275E20 /* Frameworks */,
				FA6A982729815EB000275E20 /* Resources */,
			);
			buildRules = (
			);
			dependencies = (
				FA6A982B29815EB000275E20 /* PBXTargetDependency */,
			);
			name = SpaceShooterUITests;
			productName = SpaceShooterUITests;
			productReference = FA6A982929815EB000275E20 /* SpaceShooterUITests.xctest */;
			productType = "com.apple.product-type.bundle.ui-testing";
		};
/* End PBXNativeTarget section */

/* Begin PBXProject section */
		FA6A97FE29815EAE00275E20 /* Project object */ = {
			isa = PBXProject;
			attributes = {
				BuildIndependentTargetsInParallel = 1;
				LastSwiftUpdateCheck = 1420;
				LastUpgradeCheck = 1420;
				TargetAttributes = {
					FA6A980529815EAE00275E20 = {
						CreatedOnToolsVersion = 14.2;
					};
					FA6A981E29815EB000275E20 = {
						CreatedOnToolsVersion = 14.2;
						TestTargetID = FA6A980529815EAE00275E20;
					};
					FA6A982829815EB000275E20 = {
						CreatedOnToolsVersion = 14.2;
						TestTargetID = FA6A980529815EAE00275E20;
					};
				};
			};
			buildConfigurationList = FA6A980129815EAE00275E20 /* Build configuration list for PBXProject "SpaceShooter" */;
			compatibilityVersion = "Xcode 14.0";
			developmentRegion = en;
			hasScannedForEncodings = 0;
			knownRegions = (
				en,
				Base,
			);
			mainGroup = FA6A97FD29815EAE00275E20;
			productRefGroup = FA6A980729815EAE00275E20 /* Products */;
			projectDirPath = "";
			projectRoot = "";
			targets = (
				FA6A980529815EAE00275E20 /* SpaceShooter */,
				FA6A981E29815EB000275E20 /* SpaceShooterTests */,
				FA6A982829815EB000275E20 /* SpaceShooterUITests */,
			);
		};
/* End PBXProject section */

/* Begin PBXResourcesBuildPhase section */
		FA6A980429815EAE00275E20 /* Resources */ = {
			isa = PBXResourcesBuildPhase;
			buildActionMask = 2147483647;
			files = (
				FA6A9859298308F800275E20 /* shuttlefire.sks in Resources */,
				FA6A985C29830FB800275E20 /* Shuttle — копия.png in Resources */,
				FAE2BF462987E6920023FB9E /* alien3.png in Resources */,
				FAE2BF31298700C60023FB9E /* Shuttle.png in Resources */,
				FA6A981529815EAE00275E20 /* Main.storyboard in Resources */,
				FA6A980C29815EAE00275E20 /* GameScene.sks in Resources */,
				FAE2BEEA2985AE350023FB9E /* starfield.sks in Resources */,
				FA6A981729815EAF00275E20 /* Assets.xcassets in Resources */,
				FAE2BF502987EDA50023FB9E /* Vzriv.sks in Resources */,
				FAE2BF482987E6920023FB9E /* alien2.png in Resources */,
				FA6A981A29815EAF00275E20 /* LaunchScreen.storyboard in Resources */,
				FAE2BF522987EE7C0023FB9E /* torpedo.png in Resources */,
				FAE2BF472987E6920023FB9E /* alien.png in Resources */,
				FAE2BEDC2983F6080023FB9E /* MainMenu.sks in Resources */,
				FAE2BF4C2987ED730023FB9E /* Assets.xcassets in Resources */,
				FA6A980E29815EAE00275E20 /* Actions.sks in Resources */,
			);
			runOnlyForDeploymentPostprocessing = 0;
		};
		FA6A981D29815EB000275E20 /* Resources */ = {
			isa = PBXResourcesBuildPhase;
			buildActionMask = 2147483647;
			files = (
			);
			runOnlyForDeploymentPostprocessing = 0;
		};
		FA6A982729815EB000275E20 /* Resources */ = {
			isa = PBXResourcesBuildPhase;
			buildActionMask = 2147483647;
			files = (
			);
			runOnlyForDeploymentPostprocessing = 0;
		};
/* End PBXResourcesBuildPhase section */

/* Begin PBXSourcesBuildPhase section */
		FA6A980229815EAE00275E20 /* Sources */ = {
			isa = PBXSourcesBuildPhase;
			buildActionMask = 2147483647;
			files = (
				FA6A981029815EAE00275E20 /* GameScene.swift in Sources */,
				FA6A981229815EAE00275E20 /* GameViewController.swift in Sources */,
				FA6A980A29815EAE00275E20 /* AppDelegate.swift in Sources */,
				FAE2BEDE2983F86A0023FB9E /* MainMenu.swift in Sources */,
			);
			runOnlyForDeploymentPostprocessing = 0;
		};
		FA6A981B29815EB000275E20 /* Sources */ = {
			isa = PBXSourcesBuildPhase;
			buildActionMask = 2147483647;
			files = (
				FA6A982429815EB000275E20 /* SpaceShooterTests.swift in Sources */,
			);
			runOnlyForDeploymentPostprocessing = 0;
		};
		FA6A982529815EB000275E20 /* Sources */ = {
			isa = PBXSourcesBuildPhase;
			buildActionMask = 2147483647;
			files = (
				FA6A983029815EB000275E20 /* SpaceShooterUITestsLaunchTests.swift in Sources */,
				FA6A982E29815EB000275E20 /* SpaceShooterUITests.swift in Sources */,
			);
			runOnlyForDeploymentPostprocessing = 0;
		};
/* End PBXSourcesBuildPhase section */

/* Begin PBXTargetDependency section */
		FA6A982129815EB000275E20 /* PBXTargetDependency */ = {
			isa = PBXTargetDependency;
			target = FA6A980529815EAE00275E20 /* SpaceShooter */;
			targetProxy = FA6A982029815EB000275E20 /* PBXContainerItemProxy */;
		};
		FA6A982B29815EB000275E20 /* PBXTargetDependency */ = {
			isa = PBXTargetDependency;
			target = FA6A980529815EAE00275E20 /* SpaceShooter */;
			targetProxy = FA6A982A29815EB000275E20 /* PBXContainerItemProxy */;
		};
/* End PBXTargetDependency section */

/* Begin PBXVariantGroup section */
		FA6A981329815EAE00275E20 /* Main.storyboard */ = {
			isa = PBXVariantGroup;
			children = (
				FA6A981429815EAE00275E20 /* Base */,
			);
			name = Main.storyboard;
			sourceTree = "<group>";
		};
		FA6A981829815EAF00275E20 /* LaunchScreen.storyboard */ = {
			isa = PBXVariantGroup;
			children = (
				FA6A981929815EAF00275E20 /* Base */,
			);
			name = LaunchScreen.storyboard;
			sourceTree = "<group>";
		};
/* End PBXVariantGroup section */

/* Begin XCBuildConfiguration section */
		FA6A983129815EB000275E20 /* Debug */ = {
			isa = XCBuildConfiguration;
			buildSettings = {
				ALWAYS_SEARCH_USER_PATHS = NO;
				CLANG_ANALYZER_NONNULL = YES;
				CLANG_ANALYZER_NUMBER_OBJECT_CONVERSION = YES_AGGRESSIVE;
				CLANG_CXX_LANGUAGE_STANDARD = "gnu++20";
				CLANG_ENABLE_MODULES = YES;
				CLANG_ENABLE_OBJC_ARC = YES;
				CLANG_ENABLE_OBJC_WEAK = YES;
				CLANG_WARN_BLOCK_CAPTURE_AUTORELEASING = YES;
				CLANG_WARN_BOOL_CONVERSION = YES;
				CLANG_WARN_COMMA = YES;
				CLANG_WARN_CONSTANT_CONVERSION = YES;
				CLANG_WARN_DEPRECATED_OBJC_IMPLEMENTATIONS = YES;
				CLANG_WARN_DIRECT_OBJC_ISA_USAGE = YES_ERROR;
				CLANG_WARN_DOCUMENTATION_COMMENTS = YES;
				CLANG_WARN_EMPTY_BODY = YES;
				CLANG_WARN_ENUM_CONVERSION = YES;
				CLANG_WARN_INFINITE_RECURSION = YES;
				CLANG_WARN_INT_CONVERSION = YES;
				CLANG_WARN_NON_LITERAL_NULL_CONVERSION = YES;
				CLANG_WARN_OBJC_IMPLICIT_RETAIN_SELF = YES;
				CLANG_WARN_OBJC_LITERAL_CONVERSION = YES;
				CLANG_WARN_OBJC_ROOT_CLASS = YES_ERROR;
				CLANG_WARN_QUOTED_INCLUDE_IN_FRAMEWORK_HEADER = YES;
				CLANG_WARN_RANGE_LOOP_ANALYSIS = YES;
				CLANG_WARN_STRICT_PROTOTYPES = YES;
				CLANG_WARN_SUSPICIOUS_MOVE = YES;
				CLANG_WARN_UNGUARDED_AVAILABILITY = YES_AGGRESSIVE;
				CLANG_WARN_UNREACHABLE_CODE = YES;
				CLANG_WARN__DUPLICATE_METHOD_MATCH = YES;
				COPY_PHASE_STRIP = NO;
				DEBUG_INFORMATION_FORMAT = dwarf;
				ENABLE_STRICT_OBJC_MSGSEND = YES;
				ENABLE_TESTABILITY = YES;
				GCC_C_LANGUAGE_STANDARD = gnu11;
				GCC_DYNAMIC_NO_PIC = NO;
				GCC_NO_COMMON_BLOCKS = YES;
				GCC_OPTIMIZATION_LEVEL = 0;
				GCC_PREPROCESSOR_DEFINITIONS = (
					"DEBUG=1",
					"$(inherited)",
				);
				GCC_WARN_64_TO_32_BIT_CONVERSION = YES;
				GCC_WARN_ABOUT_RETURN_TYPE = YES_ERROR;
				GCC_WARN_UNDECLARED_SELECTOR = YES;
				GCC_WARN_UNINITIALIZED_AUTOS = YES_AGGRESSIVE;
				GCC_WARN_UNUSED_FUNCTION = YES;
				GCC_WARN_UNUSED_VARIABLE = YES;
				IPHONEOS_DEPLOYMENT_TARGET = 16.2;
				MTL_ENABLE_DEBUG_INFO = INCLUDE_SOURCE;
				MTL_FAST_MATH = YES;
				ONLY_ACTIVE_ARCH = YES;
				SDKROOT = iphoneos;
				SWIFT_ACTIVE_COMPILATION_CONDITIONS = DEBUG;
				SWIFT_OPTIMIZATION_LEVEL = "-Onone";
			};
			name = Debug;
		};
		FA6A983229815EB000275E20 /* Release */ = {
			isa = XCBuildConfiguration;
			buildSettings = {
				ALWAYS_SEARCH_USER_PATHS = NO;
				CLANG_ANALYZER_NONNULL = YES;
				CLANG_ANALYZER_NUMBER_OBJECT_CONVERSION = YES_AGGRESSIVE;
				CLANG_CXX_LANGUAGE_STANDARD = "gnu++20";
				CLANG_ENABLE_MODULES = YES;
				CLANG_ENABLE_OBJC_ARC = YES;
				CLANG_ENABLE_OBJC_WEAK = YES;
				CLANG_WARN_BLOCK_CAPTURE_AUTORELEASING = YES;
				CLANG_WARN_BOOL_CONVERSION = YES;
				CLANG_WARN_COMMA = YES;
				CLANG_WARN_CONSTANT_CONVERSION = YES;
				CLANG_WARN_DEPRECATED_OBJC_IMPLEMENTATIONS = YES;
				CLANG_WARN_DIRECT_OBJC_ISA_USAGE = YES_ERROR;
				CLANG_WARN_DOCUMENTATION_COMMENTS = YES;
				CLANG_WARN_EMPTY_BODY = YES;
				CLANG_WARN_ENUM_CONVERSION = YES;
				CLANG_WARN_INFINITE_RECURSION = YES;
				CLANG_WARN_INT_CONVERSION = YES;
				CLANG_WARN_NON_LITERAL_NULL_CONVERSION = YES;
				CLANG_WARN_OBJC_IMPLICIT_RETAIN_SELF = YES;
				CLANG_WARN_OBJC_LITERAL_CONVERSION = YES;
				CLANG_WARN_OBJC_ROOT_CLASS = YES_ERROR;
				CLANG_WARN_QUOTED_INCLUDE_IN_FRAMEWORK_HEADER = YES;
				CLANG_WARN_RANGE_LOOP_ANALYSIS = YES;
				CLANG_WARN_STRICT_PROTOTYPES = YES;
				CLANG_WARN_SUSPICIOUS_MOVE = YES;
				CLANG_WARN_UNGUARDED_AVAILABILITY = YES_AGGRESSIVE;
				CLANG_WARN_UNREACHABLE_CODE = YES;
				CLANG_WARN__DUPLICATE_METHOD_MATCH = YES;
				COPY_PHASE_STRIP = NO;
				DEBUG_INFORMATION_FORMAT = "dwarf-with-dsym";
				ENABLE_NS_ASSERTIONS = NO;
				ENABLE_STRICT_OBJC_MSGSEND = YES;
				GCC_C_LANGUAGE_STANDARD = gnu11;
				GCC_NO_COMMON_BLOCKS = YES;
				GCC_WARN_64_TO_32_BIT_CONVERSION = YES;
				GCC_WARN_ABOUT_RETURN_TYPE = YES_ERROR;
				GCC_WARN_UNDECLARED_SELECTOR = YES;
				GCC_WARN_UNINITIALIZED_AUTOS = YES_AGGRESSIVE;
				GCC_WARN_UNUSED_FUNCTION = YES;
				GCC_WARN_UNUSED_VARIABLE = YES;
				IPHONEOS_DEPLOYMENT_TARGET = 16.2;
				MTL_ENABLE_DEBUG_INFO = NO;
				MTL_FAST_MATH = YES;
				SDKROOT = iphoneos;
				SWIFT_COMPILATION_MODE = wholemodule;
				SWIFT_OPTIMIZATION_LEVEL = "-O";
				VALIDATE_PRODUCT = YES;
			};
			name = Release;
		};
		FA6A983429815EB000275E20 /* Debug */ = {
			isa = XCBuildConfiguration;
			buildSettings = {
				ASSETCATALOG_COMPILER_APPICON_NAME = AppIcon;
				ASSETCATALOG_COMPILER_GLOBAL_ACCENT_COLOR_NAME = AccentColor;
				CODE_SIGN_STYLE = Automatic;
				CURRENT_PROJECT_VERSION = 1;
				DEVELOPMENT_TEAM = GQ2W38NG9G;
				GENERATE_INFOPLIST_FILE = YES;
				INFOPLIST_KEY_UIApplicationSupportsIndirectInputEvents = YES;
				INFOPLIST_KEY_UILaunchStoryboardName = LaunchScreen;
				INFOPLIST_KEY_UIMainStoryboardFile = Main;
				INFOPLIST_KEY_UIStatusBarHidden = YES;
				INFOPLIST_KEY_UISupportedInterfaceOrientations_iPad = "UIInterfaceOrientationPortrait UIInterfaceOrientationPortraitUpsideDown UIInterfaceOrientationLandscapeLeft UIInterfaceOrientationLandscapeRight";
				INFOPLIST_KEY_UISupportedInterfaceOrientations_iPhone = "UIInterfaceOrientationPortrait UIInterfaceOrientationLandscapeLeft UIInterfaceOrientationLandscapeRight";
				LD_RUNPATH_SEARCH_PATHS = (
					"$(inherited)",
					"@executable_path/Frameworks",
				);
				MARKETING_VERSION = 1.0;
				PRODUCT_BUNDLE_IDENTIFIER = test.SpaceShooter;
				PRODUCT_NAME = "$(TARGET_NAME)";
				SWIFT_EMIT_LOC_STRINGS = YES;
				SWIFT_VERSION = 5.0;
				TARGETED_DEVICE_FAMILY = "1,2";
			};
			name = Debug;
		};
		FA6A983529815EB000275E20 /* Release */ = {
			isa = XCBuildConfiguration;
			buildSettings = {
				ASSETCATALOG_COMPILER_APPICON_NAME = AppIcon;
				ASSETCATALOG_COMPILER_GLOBAL_ACCENT_COLOR_NAME = AccentColor;
				CODE_SIGN_STYLE = Automatic;
				CURRENT_PROJECT_VERSION = 1;
				DEVELOPMENT_TEAM = GQ2W38NG9G;
				GENERATE_INFOPLIST_FILE = YES;
				INFOPLIST_KEY_UIApplicationSupportsIndirectInputEvents = YES;
				INFOPLIST_KEY_UILaunchStoryboardName = LaunchScreen;
				INFOPLIST_KEY_UIMainStoryboardFile = Main;
				INFOPLIST_KEY_UIStatusBarHidden = YES;
				INFOPLIST_KEY_UISupportedInterfaceOrientations_iPad = "UIInterfaceOrientationPortrait UIInterfaceOrientationPortraitUpsideDown UIInterfaceOrientationLandscapeLeft UIInterfaceOrientationLandscapeRight";
				INFOPLIST_KEY_UISupportedInterfaceOrientations_iPhone = "UIInterfaceOrientationPortrait UIInterfaceOrientationLandscapeLeft UIInterfaceOrientationLandscapeRight";
				LD_RUNPATH_SEARCH_PATHS = (
					"$(inherited)",
					"@executable_path/Frameworks",
				);
				MARKETING_VERSION = 1.0;
				PRODUCT_BUNDLE_IDENTIFIER = test.SpaceShooter;
				PRODUCT_NAME = "$(TARGET_NAME)";
				SWIFT_EMIT_LOC_STRINGS = YES;
				SWIFT_VERSION = 5.0;
				TARGETED_DEVICE_FAMILY = "1,2";
			};
			name = Release;
		};
		FA6A983729815EB000275E20 /* Debug */ = {
			isa = XCBuildConfiguration;
			buildSettings = {
				ALWAYS_EMBED_SWIFT_STANDARD_LIBRARIES = YES;
				BUNDLE_LOADER = "$(TEST_HOST)";
				CODE_SIGN_STYLE = Automatic;
				CURRENT_PROJECT_VERSION = 1;
				DEVELOPMENT_TEAM = GQ2W38NG9G;
				GENERATE_INFOPLIST_FILE = YES;
				IPHONEOS_DEPLOYMENT_TARGET = 16.2;
				MARKETING_VERSION = 1.0;
				PRODUCT_BUNDLE_IDENTIFIER = test.SpaceShooterTests;
				PRODUCT_NAME = "$(TARGET_NAME)";
				SWIFT_EMIT_LOC_STRINGS = NO;
				SWIFT_VERSION = 5.0;
				TARGETED_DEVICE_FAMILY = "1,2";
				TEST_HOST = "$(BUILT_PRODUCTS_DIR)/SpaceShooter.app/$(BUNDLE_EXECUTABLE_FOLDER_PATH)/SpaceShooter";
			};
			name = Debug;
		};
		FA6A983829815EB000275E20 /* Release */ = {
			isa = XCBuildConfiguration;
			buildSettings = {
				ALWAYS_EMBED_SWIFT_STANDARD_LIBRARIES = YES;
				BUNDLE_LOADER = "$(TEST_HOST)";
				CODE_SIGN_STYLE = Automatic;
				CURRENT_PROJECT_VERSION = 1;
				DEVELOPMENT_TEAM = GQ2W38NG9G;
				GENERATE_INFOPLIST_FILE = YES;
				IPHONEOS_DEPLOYMENT_TARGET = 16.2;
				MARKETING_VERSION = 1.0;
				PRODUCT_BUNDLE_IDENTIFIER = test.SpaceShooterTests;
				PRODUCT_NAME = "$(TARGET_NAME)";
				SWIFT_EMIT_LOC_STRINGS = NO;
				SWIFT_VERSION = 5.0;
				TARGETED_DEVICE_FAMILY = "1,2";
				TEST_HOST = "$(BUILT_PRODUCTS_DIR)/SpaceShooter.app/$(BUNDLE_EXECUTABLE_FOLDER_PATH)/SpaceShooter";
			};
			name = Release;
		};
		FA6A983A29815EB000275E20 /* Debug */ = {
			isa = XCBuildConfiguration;
			buildSettings = {
				ALWAYS_EMBED_SWIFT_STANDARD_LIBRARIES = YES;
				CODE_SIGN_STYLE = Automatic;
				CURRENT_PROJECT_VERSION = 1;
				DEVELOPMENT_TEAM = GQ2W38NG9G;
				GENERATE_INFOPLIST_FILE = YES;
				MARKETING_VERSION = 1.0;
				PRODUCT_BUNDLE_IDENTIFIER = test.SpaceShooterUITests;
				PRODUCT_NAME = "$(TARGET_NAME)";
				SWIFT_EMIT_LOC_STRINGS = NO;
				SWIFT_VERSION = 5.0;
				TARGETED_DEVICE_FAMILY = "1,2";
				TEST_TARGET_NAME = SpaceShooter;
			};
			name = Debug;
		};
		FA6A983B29815EB000275E20 /* Release */ = {
			isa = XCBuildConfiguration;
			buildSettings = {
				ALWAYS_EMBED_SWIFT_STANDARD_LIBRARIES = YES;
				CODE_SIGN_STYLE = Automatic;
				CURRENT_PROJECT_VERSION = 1;
				DEVELOPMENT_TEAM = GQ2W38NG9G;
				GENERATE_INFOPLIST_FILE = YES;
				MARKETING_VERSION = 1.0;
				PRODUCT_BUNDLE_IDENTIFIER = test.SpaceShooterUITests;
				PRODUCT_NAME = "$(TARGET_NAME)";
				SWIFT_EMIT_LOC_STRINGS = NO;
				SWIFT_VERSION = 5.0;
				TARGETED_DEVICE_FAMILY = "1,2";
				TEST_TARGET_NAME = SpaceShooter;
			};
			name = Release;
		};
/* End XCBuildConfiguration section */

/* Begin XCConfigurationList section */
		FA6A980129815EAE00275E20 /* Build configuration list for PBXProject "SpaceShooter" */ = {
			isa = XCConfigurationList;
			buildConfigurations = (
				FA6A983129815EB000275E20 /* Debug */,
				FA6A983229815EB000275E20 /* Release */,
			);
			defaultConfigurationIsVisible = 0;
			defaultConfigurationName = Release;
		};
		FA6A983329815EB000275E20 /* Build configuration list for PBXNativeTarget "SpaceShooter" */ = {
			isa = XCConfigurationList;
			buildConfigurations = (
				FA6A983429815EB000275E20 /* Debug */,
				FA6A983529815EB000275E20 /* Release */,
			);
			defaultConfigurationIsVisible = 0;
			defaultConfigurationName = Release;
		};
		FA6A983629815EB000275E20 /* Build configuration list for PBXNativeTarget "SpaceShooterTests" */ = {
			isa = XCConfigurationList;
			buildConfigurations = (
				FA6A983729815EB000275E20 /* Debug */,
				FA6A983829815EB000275E20 /* Release */,
			);
			defaultConfigurationIsVisible = 0;
			defaultConfigurationName = Release;
		};
		FA6A983929815EB000275E20 /* Build configuration list for PBXNativeTarget "SpaceShooterUITests" */ = {
			isa = XCConfigurationList;
			buildConfigurations = (
				FA6A983A29815EB000275E20 /* Debug */,
				FA6A983B29815EB000275E20 /* Release */,
			);
			defaultConfigurationIsVisible = 0;
			defaultConfigurationName = Release;
		};
/* End XCConfigurationList section */
	};
	rootObject = FA6A97FE29815EAE00275E20 /* Project object */;
}
